
Microsoft Visual Studio Solution File, Format Version 12.00
# Visual Studio 14
VisualStudioVersion = 14.0.23107.0
MinimumVisualStudioVersion = 10.0.40219.1
Project("{FAE04EC0-301F-11D3-BF4B-00C04F79EFBC}") = "JwtWebApi", "JwtWebApi\JwtWebApi.csproj", "{25793CC0-0E2B-4026-AD27-7B24A19B72DD}"
EndProject
Project("{FAE04EC0-301F-11D3-BF4B-00C04F79EFBC}") = "JwtWebApi.Tests", "JwtWebApi.Tests\JwtWebApi.Tests.csproj", "{55615A62-9595-43C3-B392-FDC449EBDE6E}"
EndProject
Global
	GlobalSection(SolutionConfigurationPlatforms) = preSolution
		Debug|Any CPU = Debug|Any CPU
		Release|Any CPU = Release|Any CPU
	EndGlobalSection
	GlobalSection(ProjectConfigurationPlatforms) = postSolution
		{25793CC0-0E2B-4026-AD27-7B24A19B72DD}.Debug|Any CPU.ActiveCfg = Debug|Any CPU
		{25793CC0-0E2B-4026-AD27-7B24A19B72DD}.Debug|Any CPU.Build.0 = Debug|Any CPU
		{25793CC0-0E2B-4026-AD27-7B24A19B72DD}.Release|Any CPU.ActiveCfg = Release|Any CPU
		{25793CC0-0E2B-4026-AD27-7B24A19B72DD}.Release|Any CPU.Build.0 = Release|Any CPU
		{55615A62-9595-43C3-B392-FDC449EBDE6E}.Debug|Any CPU.ActiveCfg = Debug|Any CPU
		{55615A62-9595-43C3-B392-FDC449EBDE6E}.Debug|Any CPU.Build.0 = Debug|Any CPU
		{55615A62-9595-43C3-B392-FDC449EBDE6E}.Release|Any CPU.ActiveCfg = Release|Any CPU
		{55615A62-9595-43C3-B392-FDC449EBDE6E}.Release|Any CPU.Build.0 = Release|Any CPU
	EndGlobalSection
	GlobalSection(SolutionProperties) = preSolution
		HideSolutionNode = FALSE
	EndGlobalSection
EndGlobal
